Microsoft Visual Studio Solution File, Format Version 12.00
# Visual Studio 15
VisualStudioVersion = 15.0.26430.16
MinimumVisualStudioVersion = 10.0.40219.1
Project("{FAE04EC0-301F-11D3-BF4B-00C04F79EFBC}") = "IPCS", "IPCS\IPCS.csproj", "{060BCB41-4547-431A-8B38-21DC1D2D5483}"
EndProject
Project("{FAE04EC0-301F-11D3-BF4B-00C04F79EFBC}") = "IPCS.Services", "IPCS.Services\IPCS.Services.csproj", "{EE2C655A-E730-473C-9C39-16895474F5EB}"
EndProject
Project("{FAE04EC0-301F-11D3-BF4B-00C04F79EFBC}") = "IPCS.Repositories", "IPCS.Repositories\IPCS.Repositories.csproj", "{06A8A0DA-BB15-4E11-9CF2-9EC133F0FBE1}"
EndProject
Project("{FAE04EC0-301F-11D3-BF4B-00C04F79EFBC}") = "IPCS.Models", "IPCS.Models\IPCS.Models.csproj", "{05A16AFC-FFEB-462C-95C6-240364454020}"
EndProject
Project("{FAE04EC0-301F-11D3-BF4B-00C04F79EFBC}") = "IPCS.Entities", "IPCS.Entities\IPCS.Entities.csproj", "{9571FEC6-2B74-4810-AA72-2A2D3FE06758}"
EndProject
Project("{2150E333-8FDC-42A3-9474-1A3956D46DE8}") = "Test", "Test", "{47AFC138-524F-48E7-B1CF-F9CFA9F4043C}"
EndProject
Project("{FAE04EC0-301F-11D3-BF4B-00C04F79EFBC}") = "IPCS.Repositories.Test", "IPCS.Repositories.Test\IPCS.Repositories.Test.csproj", "{F46A81A2-C0F3-4559-AB68-2AA79CF2A53F}"
EndProject
Project("{FAE04EC0-301F-11D3-BF4B-00C04F79EFBC}") = "IPCS.Web", "IPCS.Web\IPCS.Web.csproj", "{4A0AE130-5982-4C08-8E91-5993885A6845}"
EndProject
Project("{FAE04EC0-301F-11D3-BF4B-00C04F79EFBC}") = "IPCS.OAuth", "IPCS.OAuth\IPCS.OAuth.csproj", "{315F8DAC-172E-4AEC-94C2-5B2B8738EC8F}"
EndProject
Project("{2150E333-8FDC-42A3-9474-1A3956D46DE8}") = "Api", "Api", "{C9E50D2D-5A9E-4388-BFA4-CCD594467302}"
EndProject
Project("{2150E333-8FDC-42A3-9474-1A3956D46DE8}") = "Libraries", "Libraries", "{CBF17A55-A6D3-4DFD-8C8C-E89FBBC3A56A}"
EndProject
Project("{2150E333-8FDC-42A3-9474-1A3956D46DE8}") = "Models", "Models", "{2ADED0F2-CEAC-4582-8708-2A96B4A1875B}"
EndProject
Project("{2150E333-8FDC-42A3-9474-1A3956D46DE8}") = "DataAccess", "DataAccess", "{F8E338F7-E0C7-42EA-9A76-82B7EB3544E8}"
EndProject
Project("{2150E333-8FDC-42A3-9474-1A3956D46DE8}") = "Business", "Business", "{9630DC22-40F0-4F12-BB4D-B1819A18AC1B}"
EndProject
Project("{2150E333-8FDC-42A3-9474-1A3956D46DE8}") = "Apps", "Apps", "{F5A8EF6B-0650-4981-88C6-2FD74092E09F}"
EndProject
Project("{FAE04EC0-301F-11D3-BF4B-00C04F79EFBC}") = "IPCS.OAuth.Services", "IPCS.OAuth.Services\IPCS.OAuth.Services.csproj", "{8FBF7D86-32FA-4828-8B03-ADC0873271D4}"
EndProject
Project("{FAE04EC0-301F-11D3-BF4B-00C04F79EFBC}") = "IPCS.Generic.Services", "IPCS.Generic.Services\IPCS.Generic.Services.csproj", "{E5AC6EC8-45CA-4DC7-850A-501EEDB8197B}"
EndProject
Project("{FAE04EC0-301F-11D3-BF4B-00C04F79EFBC}") = "IPCS.Generic.Repositories", "IPCS.Generic.Repositories\IPCS.Generic.Repositories.csproj", "{40133D70-AB9A-4138-9AD8-9501FDCD7A8C}"
EndProject
Project("{FAE04EC0-301F-11D3-BF4B-00C04F79EFBC}") = "IPCS.OAuth.Repositories", "IPCS.OAuth.Repositories\IPCS.OAuth.Repositories.csproj", "{9BFE57E0-1A6E-45E1-A7F0-668398F8D653}"
EndProject
Global
	GlobalSection(SolutionConfigurationPlatforms) = preSolution
		Debug|Any CPU = Debug|Any CPU
		Devdw|Any CPU = Devdw|Any CPU
		QA|Any CPU = QA|Any CPU
		Release|Any CPU = Release|Any CPU
		Stage|Any CPU = Stage|Any CPU
		Freetier|Any CPU = Freetier|Any CPU
		Uat|Any CPU = Uat|Any CPU
		Hpu|Any CPU = Hpu|Any CPU
		HpuDebug|Any CPU = HpuDebug|Any CPU
	EndGlobalSection
	GlobalSection(ProjectConfigurationPlatforms) = postSolution
		{060BCB41-4547-431A-8B38-21DC1D2D5483}.Debug|Any CPU.ActiveCfg = Debug|Any CPU
		{060BCB41-4547-431A-8B38-21DC1D2D5483}.Debug|Any CPU.Build.0 = Debug|Any CPU
		{060BCB41-4547-431A-8B38-21DC1D2D5483}.QA|Any CPU.ActiveCfg = Debug Juan|Any CPU
		{060BCB41-4547-431A-8B38-21DC1D2D5483}.QA|Any CPU.Build.0 = Debug Juan|Any CPU
		{060BCB41-4547-431A-8B38-21DC1D2D5483}.Release|Any CPU.ActiveCfg = Release|Any CPU
		{060BCB41-4547-431A-8B38-21DC1D2D5483}.Release|Any CPU.Build.0 = Release|Any CPU
		{060BCB41-4547-431A-8B38-21DC1D2D5483}.Freetier|Any CPU.ActiveCfg = Freetier|Any CPU
		{060BCB41-4547-431A-8B38-21DC1D2D5483}.Freetier|Any CPU.Build.0 = Freetier|Any CPU
		{060BCB41-4547-431A-8B38-21DC1D2D5483}.Uat|Any CPU.ActiveCfg = Uat|Any CPU
		{060BCB41-4547-431A-8B38-21DC1D2D5483}.Uat|Any CPU.Build.0 = Uat|Any CPU
		{060BCB41-4547-431A-8B38-21DC1D2D5483}.Hpu|Any CPU.ActiveCfg = Hpu|Any CPU
		{060BCB41-4547-431A-8B38-21DC1D2D5483}.Hpu|Any CPU.Build.0 = Hpu|Any CPU
		{060BCB41-4547-431A-8B38-21DC1D2D5483}.HpuDebug|Any CPU.ActiveCfg = Debug|Any CPU
		{060BCB41-4547-431A-8B38-21DC1D2D5483}.HpuDebug|Any CPU.Build.0 = Debug|Any CPU
		{EE2C655A-E730-473C-9C39-16895474F5EB}.Debug|Any CPU.ActiveCfg = Debug|Any CPU
		{EE2C655A-E730-473C-9C39-16895474F5EB}.Debug|Any CPU.Build.0 = Debug|Any CPU
		{EE2C655A-E730-473C-9C39-16895474F5EB}.QA|Any CPU.ActiveCfg = Release|Any CPU
		{EE2C655A-E730-473C-9C39-16895474F5EB}.QA|Any CPU.Build.0 = Release|Any CPU
		{EE2C655A-E730-473C-9C39-16895474F5EB}.Release|Any CPU.ActiveCfg = Release|Any CPU
		{EE2C655A-E730-473C-9C39-16895474F5EB}.Release|Any CPU.Build.0 = Release|Any CPU
		{EE2C655A-E730-473C-9C39-16895474F5EB}.Freetier|Any CPU.ActiveCfg = Freetier|Any CPU
		{EE2C655A-E730-473C-9C39-16895474F5EB}.Freetier|Any CPU.Build.0 = Freetier|Any CPU
		{EE2C655A-E730-473C-9C39-16895474F5EB}.Uat|Any CPU.ActiveCfg = Uat|Any CPU
		{EE2C655A-E730-473C-9C39-16895474F5EB}.Uat|Any CPU.Build.0 = Uat|Any CPU
		{EE2C655A-E730-473C-9C39-16895474F5EB}.Hpu|Any CPU.ActiveCfg = Hpu|Any CPU
		{EE2C655A-E730-473C-9C39-16895474F5EB}.Hpu|Any CPU.Build.0 = Hpu|Any CPU
		{EE2C655A-E730-473C-9C39-16895474F5EB}.HpuDebug|Any CPU.ActiveCfg = Debug|Any CPU
		{EE2C655A-E730-473C-9C39-16895474F5EB}.HpuDebug|Any CPU.Build.0 = Debug|Any CPU
		{06A8A0DA-BB15-4E11-9CF2-9EC133F0FBE1}.Debug|Any CPU.ActiveCfg = Debug|Any CPU
		{06A8A0DA-BB15-4E11-9CF2-9EC133F0FBE1}.Debug|Any CPU.Build.0 = Debug|Any CPU
		{06A8A0DA-BB15-4E11-9CF2-9EC133F0FBE1}.QA|Any CPU.ActiveCfg = Release|Any CPU
		{06A8A0DA-BB15-4E11-9CF2-9EC133F0FBE1}.QA|Any CPU.Build.0 = Release|Any CPU
		{06A8A0DA-BB15-4E11-9CF2-9EC133F0FBE1}.Release|Any CPU.ActiveCfg = Release|Any CPU
		{06A8A0DA-BB15-4E11-9CF2-9EC133F0FBE1}.Release|Any CPU.Build.0 = Release|Any CPU
		{06A8A0DA-BB15-4E11-9CF2-9EC133F0FBE1}.Freetier|Any CPU.ActiveCfg = Freetier|Any CPU
		{06A8A0DA-BB15-4E11-9CF2-9EC133F0FBE1}.Freetier|Any CPU.Build.0 = Freetier|Any CPU
		{06A8A0DA-BB15-4E11-9CF2-9EC133F0FBE1}.Uat|Any CPU.ActiveCfg = Uat|Any CPU
		{06A8A0DA-BB15-4E11-9CF2-9EC133F0FBE1}.Uat|Any CPU.Build.0 = Uat|Any CPU
		{06A8A0DA-BB15-4E11-9CF2-9EC133F0FBE1}.Hpu|Any CPU.ActiveCfg = Hpu|Any CPU
		{06A8A0DA-BB15-4E11-9CF2-9EC133F0FBE1}.Hpu|Any CPU.Build.0 = Hpu|Any CPU
		{06A8A0DA-BB15-4E11-9CF2-9EC133F0FBE1}.HpuDebug|Any CPU.ActiveCfg = Debug|Any CPU
		{06A8A0DA-BB15-4E11-9CF2-9EC133F0FBE1}.HpuDebug|Any CPU.Build.0 = Debug|Any CPU
		{05A16AFC-FFEB-462C-95C6-240364454020}.Debug|Any CPU.ActiveCfg = Debug|Any CPU
		{05A16AFC-FFEB-462C-95C6-240364454020}.Debug|Any CPU.Build.0 = Debug|Any CPU
		{05A16AFC-FFEB-462C-95C6-240364454020}.QA|Any CPU.ActiveCfg = Release|Any CPU
		{05A16AFC-FFEB-462C-95C6-240364454020}.QA|Any CPU.Build.0 = Release|Any CPU
		{05A16AFC-FFEB-462C-95C6-240364454020}.Release|Any CPU.ActiveCfg = Release|Any CPU
		{05A16AFC-FFEB-462C-95C6-240364454020}.Release|Any CPU.Build.0 = Release|Any CPU
		{05A16AFC-FFEB-462C-95C6-240364454020}.Freetier|Any CPU.ActiveCfg = Freetier|Any CPU
		{05A16AFC-FFEB-462C-95C6-240364454020}.Freetier|Any CPU.Build.0 = Freetier|Any CPU
		{05A16AFC-FFEB-462C-95C6-240364454020}.Uat|Any CPU.ActiveCfg = Uat|Any CPU
		{05A16AFC-FFEB-462C-95C6-240364454020}.Uat|Any CPU.Build.0 = Uat|Any CPU
		{05A16AFC-FFEB-462C-95C6-240364454020}.Hpu|Any CPU.ActiveCfg = Hpu|Any CPU
		{05A16AFC-FFEB-462C-95C6-240364454020}.Hpu|Any CPU.Build.0 = Hpu|Any CPU
		{05A16AFC-FFEB-462C-95C6-240364454020}.HpuDebug|Any CPU.ActiveCfg = Debug|Any CPU
		{05A16AFC-FFEB-462C-95C6-240364454020}.HpuDebug|Any CPU.Build.0 = Debug|Any CPU
		{9571FEC6-2B74-4810-AA72-2A2D3FE06758}.Debug|Any CPU.ActiveCfg = Debug|Any CPU
		{9571FEC6-2B74-4810-AA72-2A2D3FE06758}.Debug|Any CPU.Build.0 = Debug|Any CPU
		{9571FEC6-2B74-4810-AA72-2A2D3FE06758}.QA|Any CPU.ActiveCfg = Release|Any CPU
		{9571FEC6-2B74-4810-AA72-2A2D3FE06758}.QA|Any CPU.Build.0 = Release|Any CPU
		{9571FEC6-2B74-4810-AA72-2A2D3FE06758}.Release|Any CPU.ActiveCfg = Release|Any CPU
		{9571FEC6-2B74-4810-AA72-2A2D3FE06758}.Release|Any CPU.Build.0 = Release|Any CPU
		{9571FEC6-2B74-4810-AA72-2A2D3FE06758}.Freetier|Any CPU.ActiveCfg = Freetier|Any CPU
		{9571FEC6-2B74-4810-AA72-2A2D3FE06758}.Freetier|Any CPU.Build.0 = Freetier|Any CPU
		{9571FEC6-2B74-4810-AA72-2A2D3FE06758}.Uat|Any CPU.ActiveCfg = Uat|Any CPU
		{9571FEC6-2B74-4810-AA72-2A2D3FE06758}.Uat|Any CPU.Build.0 = Uat|Any CPU
		{9571FEC6-2B74-4810-AA72-2A2D3FE06758}.Hpu|Any CPU.ActiveCfg = Hpu|Any CPU
		{9571FEC6-2B74-4810-AA72-2A2D3FE06758}.Hpu|Any CPU.Build.0 = Hpu|Any CPU
		{9571FEC6-2B74-4810-AA72-2A2D3FE06758}.HpuDebug|Any CPU.ActiveCfg = Debug|Any CPU
		{9571FEC6-2B74-4810-AA72-2A2D3FE06758}.HpuDebug|Any CPU.Build.0 = Debug|Any CPU
		{F46A81A2-C0F3-4559-AB68-2AA79CF2A53F}.Debug|Any CPU.ActiveCfg = Debug|Any CPU
		{F46A81A2-C0F3-4559-AB68-2AA79CF2A53F}.Debug|Any CPU.Build.0 = Debug|Any CPU
		{F46A81A2-C0F3-4559-AB68-2AA79CF2A53F}.QA|Any CPU.ActiveCfg = Release|Any CPU
		{F46A81A2-C0F3-4559-AB68-2AA79CF2A53F}.QA|Any CPU.Build.0 = Release|Any CPU
		{F46A81A2-C0F3-4559-AB68-2AA79CF2A53F}.Release|Any CPU.ActiveCfg = Release|Any CPU
		{F46A81A2-C0F3-4559-AB68-2AA79CF2A53F}.Release|Any CPU.Build.0 = Release|Any CPU
		{F46A81A2-C0F3-4559-AB68-2AA79CF2A53F}.Freetier|Any CPU.ActiveCfg = Freetier|Any CPU
		{F46A81A2-C0F3-4559-AB68-2AA79CF2A53F}.Freetier|Any CPU.Build.0 = Freetier|Any CPU
		{F46A81A2-C0F3-4559-AB68-2AA79CF2A53F}.Uat|Any CPU.ActiveCfg = Uat|Any CPU
		{F46A81A2-C0F3-4559-AB68-2AA79CF2A53F}.Uat|Any CPU.Build.0 = Uat|Any CPU
		{F46A81A2-C0F3-4559-AB68-2AA79CF2A53F}.Hpu|Any CPU.ActiveCfg = Hpu|Any CPU
		{F46A81A2-C0F3-4559-AB68-2AA79CF2A53F}.Hpu|Any CPU.Build.0 = Hpu|Any CPU
		{F46A81A2-C0F3-4559-AB68-2AA79CF2A53F}.HpuDebug|Any CPU.ActiveCfg = Debug|Any CPU
		{F46A81A2-C0F3-4559-AB68-2AA79CF2A53F}.HpuDebug|Any CPU.Build.0 = Debug|Any CPU
		{4A0AE130-5982-4C08-8E91-5993885A6845}.Debug|Any CPU.ActiveCfg = Debug|Any CPU
		{4A0AE130-5982-4C08-8E91-5993885A6845}.Debug|Any CPU.Build.0 = Debug|Any CPU
		{4A0AE130-5982-4C08-8E91-5993885A6845}.QA|Any CPU.ActiveCfg = QA|Any CPU
		{4A0AE130-5982-4C08-8E91-5993885A6845}.QA|Any CPU.Build.0 = QA|Any CPU
		{4A0AE130-5982-4C08-8E91-5993885A6845}.Release|Any CPU.ActiveCfg = Release|Any CPU
		{4A0AE130-5982-4C08-8E91-5993885A6845}.Release|Any CPU.Build.0 = Release|Any CPU
		{4A0AE130-5982-4C08-8E91-5993885A6845}.Freetier|Any CPU.ActiveCfg = Freetier|Any CPU
		{4A0AE130-5982-4C08-8E91-5993885A6845}.Freetier|Any CPU.Build.0 = Freetier|Any CPU
		{4A0AE130-5982-4C08-8E91-5993885A6845}.Uat|Any CPU.ActiveCfg = Uat|Any CPU
		{4A0AE130-5982-4C08-8E91-5993885A6845}.Uat|Any CPU.Build.0 = Uat|Any CPU
		{4A0AE130-5982-4C08-8E91-5993885A6845}.Hpu|Any CPU.ActiveCfg = Hpu|Any CPU
		{4A0AE130-5982-4C08-8E91-5993885A6845}.Hpu|Any CPU.Build.0 = Hpu|Any CPU
		{4A0AE130-5982-4C08-8E91-5993885A6845}.HpuDebug|Any CPU.ActiveCfg = Debug|Any CPU
		{4A0AE130-5982-4C08-8E91-5993885A6845}.HpuDebug|Any CPU.Build.0 = Debug|Any CPU
		{315F8DAC-172E-4AEC-94C2-5B2B8738EC8F}.Debug|Any CPU.ActiveCfg = Debug|Any CPU
		{315F8DAC-172E-4AEC-94C2-5B2B8738EC8F}.Debug|Any CPU.Build.0 = Debug|Any CPU
		{315F8DAC-172E-4AEC-94C2-5B2B8738EC8F}.QA|Any CPU.ActiveCfg = Release|Any CPU
		{315F8DAC-172E-4AEC-94C2-5B2B8738EC8F}.QA|Any CPU.Build.0 = Release|Any CPU
		{315F8DAC-172E-4AEC-94C2-5B2B8738EC8F}.Release|Any CPU.ActiveCfg = Release|Any CPU
		{315F8DAC-172E-4AEC-94C2-5B2B8738EC8F}.Release|Any CPU.Build.0 = Release|Any CPU
		{315F8DAC-172E-4AEC-94C2-5B2B8738EC8F}.Freetier|Any CPU.ActiveCfg = Freetier|Any CPU
		{315F8DAC-172E-4AEC-94C2-5B2B8738EC8F}.Freetier|Any CPU.Build.0 = Freetier|Any CPU
		{315F8DAC-172E-4AEC-94C2-5B2B8738EC8F}.Uat|Any CPU.ActiveCfg = Uat|Any CPU
		{315F8DAC-172E-4AEC-94C2-5B2B8738EC8F}.Uat|Any CPU.Build.0 = Uat|Any CPU
		{315F8DAC-172E-4AEC-94C2-5B2B8738EC8F}.Hpu|Any CPU.ActiveCfg = Hpu|Any CPU
		{315F8DAC-172E-4AEC-94C2-5B2B8738EC8F}.Hpu|Any CPU.Build.0 = Hpu|Any CPU
		{315F8DAC-172E-4AEC-94C2-5B2B8738EC8F}.HpuDebug|Any CPU.ActiveCfg = HpuDebug|Any CPU
		{315F8DAC-172E-4AEC-94C2-5B2B8738EC8F}.HpuDebug|Any CPU.Build.0 = HpuDebug|Any CPU
		{8FBF7D86-32FA-4828-8B03-ADC0873271D4}.Debug|Any CPU.ActiveCfg = Debug|Any CPU
		{8FBF7D86-32FA-4828-8B03-ADC0873271D4}.Debug|Any CPU.Build.0 = Debug|Any CPU
		{8FBF7D86-32FA-4828-8B03-ADC0873271D4}.QA|Any CPU.ActiveCfg = Release|Any CPU
		{8FBF7D86-32FA-4828-8B03-ADC0873271D4}.QA|Any CPU.Build.0 = Release|Any CPU
		{8FBF7D86-32FA-4828-8B03-ADC0873271D4}.Release|Any CPU.ActiveCfg = Release|Any CPU
		{8FBF7D86-32FA-4828-8B03-ADC0873271D4}.Release|Any CPU.Build.0 = Release|Any CPU
		{8FBF7D86-32FA-4828-8B03-ADC0873271D4}.Freetier|Any CPU.ActiveCfg = Freetier|Any CPU
		{8FBF7D86-32FA-4828-8B03-ADC0873271D4}.Freetier|Any CPU.Build.0 = Freetier|Any CPU
		{8FBF7D86-32FA-4828-8B03-ADC0873271D4}.Uat|Any CPU.ActiveCfg = Uat|Any CPU
		{8FBF7D86-32FA-4828-8B03-ADC0873271D4}.Uat|Any CPU.Build.0 = Uat|Any CPU
		{8FBF7D86-32FA-4828-8B03-ADC0873271D4}.Hpu|Any CPU.ActiveCfg = Hpu|Any CPU
		{8FBF7D86-32FA-4828-8B03-ADC0873271D4}.Hpu|Any CPU.Build.0 = Hpu|Any CPU
		{8FBF7D86-32FA-4828-8B03-ADC0873271D4}.HpuDebug|Any CPU.ActiveCfg = Debug|Any CPU
		{8FBF7D86-32FA-4828-8B03-ADC0873271D4}.HpuDebug|Any CPU.Build.0 = Debug|Any CPU
		{E5AC6EC8-45CA-4DC7-850A-501EEDB8197B}.Debug|Any CPU.ActiveCfg = Debug|Any CPU
		{E5AC6EC8-45CA-4DC7-850A-501EEDB8197B}.Debug|Any CPU.Build.0 = Debug|Any CPU
		{E5AC6EC8-45CA-4DC7-850A-501EEDB8197B}.QA|Any CPU.ActiveCfg = Release|Any CPU
		{E5AC6EC8-45CA-4DC7-850A-501EEDB8197B}.QA|Any CPU.Build.0 = Release|Any CPU
		{E5AC6EC8-45CA-4DC7-850A-501EEDB8197B}.Release|Any CPU.ActiveCfg = Release|Any CPU
		{E5AC6EC8-45CA-4DC7-850A-501EEDB8197B}.Release|Any CPU.Build.0 = Release|Any CPU
		{E5AC6EC8-45CA-4DC7-850A-501EEDB8197B}.Freetier|Any CPU.ActiveCfg = Freetier|Any CPU
		{E5AC6EC8-45CA-4DC7-850A-501EEDB8197B}.Freetier|Any CPU.Build.0 = Freetier|Any CPU
		{E5AC6EC8-45CA-4DC7-850A-501EEDB8197B}.Uat|Any CPU.ActiveCfg = Uat|Any CPU
		{E5AC6EC8-45CA-4DC7-850A-501EEDB8197B}.Uat|Any CPU.Build.0 = Uat|Any CPU
		{E5AC6EC8-45CA-4DC7-850A-501EEDB8197B}.Hpu|Any CPU.ActiveCfg = Hpu|Any CPU
		{E5AC6EC8-45CA-4DC7-850A-501EEDB8197B}.Hpu|Any CPU.Build.0 = Hpu|Any CPU
		{E5AC6EC8-45CA-4DC7-850A-501EEDB8197B}.HpuDebug|Any CPU.ActiveCfg = Debug|Any CPU
		{E5AC6EC8-45CA-4DC7-850A-501EEDB8197B}.HpuDebug|Any CPU.Build.0 = Debug|Any CPU
		{40133D70-AB9A-4138-9AD8-9501FDCD7A8C}.Debug|Any CPU.ActiveCfg = Debug|Any CPU
		{40133D70-AB9A-4138-9AD8-9501FDCD7A8C}.Debug|Any CPU.Build.0 = Debug|Any CPU
		{40133D70-AB9A-4138-9AD8-9501FDCD7A8C}.QA|Any CPU.ActiveCfg = Release|Any CPU
		{40133D70-AB9A-4138-9AD8-9501FDCD7A8C}.QA|Any CPU.Build.0 = Release|Any CPU
		{40133D70-AB9A-4138-9AD8-9501FDCD7A8C}.Release|Any CPU.ActiveCfg = Release|Any CPU
		{40133D70-AB9A-4138-9AD8-9501FDCD7A8C}.Release|Any CPU.Build.0 = Release|Any CPU
		{40133D70-AB9A-4138-9AD8-9501FDCD7A8C}.Freetier|Any CPU.ActiveCfg = Freetier|Any CPU
		{40133D70-AB9A-4138-9AD8-9501FDCD7A8C}.Freetier|Any CPU.Build.0 = Freetier|Any CPU
		{40133D70-AB9A-4138-9AD8-9501FDCD7A8C}.Uat|Any CPU.ActiveCfg = Uat|Any CPU
		{40133D70-AB9A-4138-9AD8-9501FDCD7A8C}.Uat|Any CPU.Build.0 = Uat|Any CPU
		{40133D70-AB9A-4138-9AD8-9501FDCD7A8C}.Hpu|Any CPU.ActiveCfg = Hpu|Any CPU
		{40133D70-AB9A-4138-9AD8-9501FDCD7A8C}.Hpu|Any CPU.Build.0 = Hpu|Any CPU
		{40133D70-AB9A-4138-9AD8-9501FDCD7A8C}.HpuDebug|Any CPU.ActiveCfg = Debug|Any CPU
		{40133D70-AB9A-4138-9AD8-9501FDCD7A8C}.HpuDebug|Any CPU.Build.0 = Debug|Any CPU
		{9BFE57E0-1A6E-45E1-A7F0-668398F8D653}.Debug|Any CPU.ActiveCfg = Debug|Any CPU
		{9BFE57E0-1A6E-45E1-A7F0-668398F8D653}.Debug|Any CPU.Build.0 = Debug|Any CPU
		{9BFE57E0-1A6E-45E1-A7F0-668398F8D653}.QA|Any CPU.ActiveCfg = Release|Any CPU
		{9BFE57E0-1A6E-45E1-A7F0-668398F8D653}.QA|Any CPU.Build.0 = Release|Any CPU
		{9BFE57E0-1A6E-45E1-A7F0-668398F8D653}.Release|Any CPU.ActiveCfg = Release|Any CPU
		{9BFE57E0-1A6E-45E1-A7F0-668398F8D653}.Release|Any CPU.Build.0 = Release|Any CPU
		{9BFE57E0-1A6E-45E1-A7F0-668398F8D653}.Freetier|Any CPU.ActiveCfg = Freetier|Any CPU
		{9BFE57E0-1A6E-45E1-A7F0-668398F8D653}.Freetier|Any CPU.Build.0 = Freetier|Any CPU
		{9BFE57E0-1A6E-45E1-A7F0-668398F8D653}.Uat|Any CPU.ActiveCfg = Uat|Any CPU
		{9BFE57E0-1A6E-45E1-A7F0-668398F8D653}.Uat|Any CPU.Build.0 = Uat|Any CPU
		{9BFE57E0-1A6E-45E1-A7F0-668398F8D653}.Hpu|Any CPU.ActiveCfg = Hpu|Any CPU
		{9BFE57E0-1A6E-45E1-A7F0-668398F8D653}.Hpu|Any CPU.Build.0 = Hpu|Any CPU
		{9BFE57E0-1A6E-45E1-A7F0-668398F8D653}.HpuDebug|Any CPU.ActiveCfg = Debug|Any CPU
		{9BFE57E0-1A6E-45E1-A7F0-668398F8D653}.HpuDebug|Any CPU.Build.0 = Debug|Any CPU
	EndGlobalSection
	GlobalSection(SolutionProperties) = preSolution
		HideSolutionNode = FALSE
	EndGlobalSection
	GlobalSection(NestedProjects) = preSolution
		{060BCB41-4547-431A-8B38-21DC1D2D5483} = {C9E50D2D-5A9E-4388-BFA4-CCD594467302}
		{EE2C655A-E730-473C-9C39-16895474F5EB} = {9630DC22-40F0-4F12-BB4D-B1819A18AC1B}
		{06A8A0DA-BB15-4E11-9CF2-9EC133F0FBE1} = {F8E338F7-E0C7-42EA-9A76-82B7EB3544E8}
		{05A16AFC-FFEB-462C-95C6-240364454020} = {2ADED0F2-CEAC-4582-8708-2A96B4A1875B}
		{9571FEC6-2B74-4810-AA72-2A2D3FE06758} = {2ADED0F2-CEAC-4582-8708-2A96B4A1875B}
		{F46A81A2-C0F3-4559-AB68-2AA79CF2A53F} = {47AFC138-524F-48E7-B1CF-F9CFA9F4043C}
		{4A0AE130-5982-4C08-8E91-5993885A6845} = {F5A8EF6B-0650-4981-88C6-2FD74092E09F}
		{315F8DAC-172E-4AEC-94C2-5B2B8738EC8F} = {C9E50D2D-5A9E-4388-BFA4-CCD594467302}
		{2ADED0F2-CEAC-4582-8708-2A96B4A1875B} = {CBF17A55-A6D3-4DFD-8C8C-E89FBBC3A56A}
		{F8E338F7-E0C7-42EA-9A76-82B7EB3544E8} = {CBF17A55-A6D3-4DFD-8C8C-E89FBBC3A56A}
		{9630DC22-40F0-4F12-BB4D-B1819A18AC1B} = {CBF17A55-A6D3-4DFD-8C8C-E89FBBC3A56A}
		{8FBF7D86-32FA-4828-8B03-ADC0873271D4} = {9630DC22-40F0-4F12-BB4D-B1819A18AC1B}
		{E5AC6EC8-45CA-4DC7-850A-501EEDB8197B} = {9630DC22-40F0-4F12-BB4D-B1819A18AC1B}
		{40133D70-AB9A-4138-9AD8-9501FDCD7A8C} = {F8E338F7-E0C7-42EA-9A76-82B7EB3544E8}
		{9BFE57E0-1A6E-45E1-A7F0-668398F8D653} = {F8E338F7-E0C7-42EA-9A76-82B7EB3544E8}
	EndGlobalSection
	GlobalSection(ExtensibilityGlobals) = postSolution
		SolutionGuid = {4E6A451D-DA8B-4619-981C-28458FD60A20}
	EndGlobalSection
EndGlobal
